<?xml version="1.0" encoding="utf-8"?>
<Project ToolsVersion="4.0" xmlns="http://schemas.microsoft.com/developer/msbuild/2003">
  <ItemGroup>
    <Filter Include="Header Files">
      <UniqueIdentifier>{93995380-89BD-4b04-88EB-625FBE52EBFB}</UniqueIdentifier>
      <Extensions>h;hh;hpp;hxx;hm;inl;inc;xsd</Extensions>
    </Filter>
    <Filter Include="Resource Files">
      <UniqueIdentifier>{67DA6AB6-F800-4c08-8B7A-83BB121AAD01}</UniqueIdentifier>
      <Extensions>rc;ico;cur;bmp;dlg;rc2;rct;bin;rgs;gif;jpg;jpeg;jpe;resx;tiff;tif;png;wav;mfcribbon-ms</Extensions>
    </Filter>
    <Filter Include="Other Stuff">
      <UniqueIdentifier>{bc21d6a9-e90b-43e6-9109-38be075eefd7}</UniqueIdentifier>
    </Filter>
    <Filter Include="Header Files\Engine">
      <UniqueIdentifier>{0befd3ba-f2d0-4e97-8493-6366ac2a976b}</UniqueIdentifier>
    </Filter>
    <Filter Include="Header Files\Engine\System">
      <UniqueIdentifier>{3dd69048-5bc0-4913-b472-3bab1b3f1abc}</UniqueIdentifier>
    </Filter>
    <Filter Include="Header Files\Engine\System\Audio">
      <UniqueIdentifier>{7632eca8-6479-4abb-96c0-ee5e6a919132}</UniqueIdentifier>
    </Filter>
    <Filter Include="Header Files\Engine\Shaders">
      <UniqueIdentifier>{fe49578b-d31f-45c9-a6d5-e07eb13fdf12}</UniqueIdentifier>
    </Filter>
    <Filter Include="Header Files\Engine\Shaders\HLSL">
      <UniqueIdentifier>{b69ff4bd-3a33-4140-a869-2935368c603f}</UniqueIdentifier>
    </Filter>
    <Filter Include="Header Files\Engine\Graphics">
      <UniqueIdentifier>{3cfdcdf2-8175-4250-a91f-bffa80a80a78}</UniqueIdentifier>
    </Filter>
    <Filter Include="Header Files\Engine\Graphics\3D">
      <UniqueIdentifier>{886af93e-5275-47f8-b87a-e5a641e863e7}</UniqueIdentifier>
    </Filter>
    <Filter Include="Header Files\Engine\Graphics\2D">
      <UniqueIdentifier>{56329902-91ae-4e99-b6f1-a2761e5c88eb}</UniqueIdentifier>
    </Filter>
    <Filter Include="Header Files\Engine\Graphics\2D\PerVertex">
      <UniqueIdentifier>{808b78a3-5d42-42db-964c-c4321945fa9a}</UniqueIdentifier>
    </Filter>
    <Filter Include="Header Files\Engine\Graphics\2D\PerInstance">
      <UniqueIdentifier>{ad1a634d-b21e-4305-b9c5-78bd309133d8}</UniqueIdentifier>
    </Filter>
    <Filter Include="Header Files\Engine\Graphics\2D\RenderToTexture">
      <UniqueIdentifier>{fee6019a-17f9-4e65-bb3a-08a045e8c180}</UniqueIdentifier>
    </Filter>
    <Filter Include="Header Files\Engine\World">
      <UniqueIdentifier>{df1c1034-3c0b-4a1e-848f-d6a2d96cbe8a}</UniqueIdentifier>
    </Filter>
    <Filter Include="Header Files\Game">
      <UniqueIdentifier>{c1848755-5cab-4cc4-a424-f8535148870c}</UniqueIdentifier>
    </Filter>
    <Filter Include="Header Files\Game\Entities">
      <UniqueIdentifier>{829dbb69-60f5-4564-aceb-1bb181653145}</UniqueIdentifier>
    </Filter>
    <Filter Include="Header Files\Game\Entities\2D">
      <UniqueIdentifier>{8fdd8cef-9fa7-4fff-bcb1-ac00841d994c}</UniqueIdentifier>
    </Filter>
    <Filter Include="Header Files\Game\Entities\2D\BulletSystem">
      <UniqueIdentifier>{b623fbf3-3bf7-4449-9603-0501779d324c}</UniqueIdentifier>
    </Filter>
    <Filter Include="Header Files\Game\Graphics">
      <UniqueIdentifier>{8142335d-93ec-4438-9877-04df1843407d}</UniqueIdentifier>
    </Filter>
    <Filter Include="Header Files\Game\Graphics\Scene">
      <UniqueIdentifier>{ac7b3709-1680-406b-9117-2675db46e5e4}</UniqueIdentifier>
    </Filter>
    <Filter Include="Header Files\Game\Graphics\3D">
      <UniqueIdentifier>{0d539415-5268-46fe-9c36-7f0e6c698fec}</UniqueIdentifier>
    </Filter>
    <Filter Include="Header Files\Game\Graphics\3D\Scene">
      <UniqueIdentifier>{7ee6c755-e84e-468b-bb99-d2b3f9f46178}</UniqueIdentifier>
    </Filter>
    <Filter Include="Header Files\Game\Graphics\2D">
      <UniqueIdentifier>{19bd3301-2d19-485c-ba1c-bcda8b9d7d00}</UniqueIdentifier>
    </Filter>
    <Filter Include="Header Files\Game\Graphics\2D\ParticleSystems">
      <UniqueIdentifier>{7b5be6fc-acf0-4705-ba82-a4f81a117299}</UniqueIdentifier>
    </Filter>
    <Filter Include="Header Files\Game\Graphics\World">
      <UniqueIdentifier>{bd58cf9c-c172-4900-94c0-665b71b5cdd3}</UniqueIdentifier>
    </Filter>
  </ItemGroup>
  <ItemGroup>
    <ClCompile Include="PlayerBS.cpp">
      <Filter>Header Files\Game\Entities\2D\BulletSystem</Filter>
    </ClCompile>
    <ClCompile Include="EnemyBS.cpp">
      <Filter>Header Files\Game\Entities\2D\BulletSystem</Filter>
    </ClCompile>
    <ClCompile Include="TitlePS.cpp">
      <Filter>Header Files\Game\Graphics\2D\ParticleSystems</Filter>
    </ClCompile>
    <ClCompile Include="Enemy.cpp">
      <Filter>Header Files\Game\Entities\2D</Filter>
    </ClCompile>
    <ClCompile Include="ColorTextureShader.cpp">
      <Filter>Header Files\Engine\Shaders</Filter>
    </ClCompile>
    <ClCompile Include="WaterShaderClass.cpp">
      <Filter>Header Files\Engine\Shaders</Filter>
    </ClCompile>
    <ClCompile Include="ColorShader.cpp">
      <Filter>Header Files\Engine\Shaders</Filter>
    </ClCompile>
    <ClCompile Include="ITextureShaderClass.cpp">
      <Filter>Header Files\Engine\Shaders</Filter>
    </ClCompile>
    <ClCompile Include="LightShaderClass.cpp">
      <Filter>Header Files\Engine\Shaders</Filter>
    </ClCompile>
    <ClCompile Include="RefractionShaderClass.cpp">
      <Filter>Header Files\Engine\Shaders</Filter>
    </ClCompile>
    <ClCompile Include="ShaderClass.cpp">
      <Filter>Header Files\Engine\Shaders</Filter>
    </ClCompile>
    <ClCompile Include="TextureShaderClass.cpp">
      <Filter>Header Files\Engine\Shaders</Filter>
    </ClCompile>
    <ClCompile Include="TransparencyShaderClass.cpp">
      <Filter>Header Files\Engine\Shaders</Filter>
    </ClCompile>
    <ClCompile Include="Player.cpp">
      <Filter>Header Files\Game\Entities\2D</Filter>
    </ClCompile>
    <ClCompile Include="Boss.cpp">
      <Filter>Header Files\Game\Entities\2D</Filter>
    </ClCompile>
    <ClCompile Include="SceneSplash.cpp">
      <Filter>Header Files\Game\Graphics\Scene</Filter>
    </ClCompile>
    <ClCompile Include="SceneGame.cpp">
      <Filter>Header Files\Game\Graphics\Scene</Filter>
    </ClCompile>
    <ClCompile Include="SceneMainMenu.cpp">
      <Filter>Header Files\Game\Graphics\Scene</Filter>
    </ClCompile>
    <ClCompile Include="System.cpp">
      <Filter>Header Files\Engine\System</Filter>
    </ClCompile>
    <ClCompile Include="PlayerPS.cpp">
      <Filter>Header Files\Game\Graphics\2D\ParticleSystems</Filter>
    </ClCompile>
    <ClCompile Include="D3DClass.cpp">
      <Filter>Header Files\Engine\System</Filter>
    </ClCompile>
    <ClCompile Include="Input.cpp">
      <Filter>Header Files\Engine\System</Filter>
    </ClCompile>
    <ClCompile Include="Options.cpp">
      <Filter>Header Files\Engine\System</Filter>
    </ClCompile>
    <ClCompile Include="Timer.cpp">
      <Filter>Header Files\Engine\System</Filter>
    </ClCompile>
    <ClCompile Include="ImageClass.cpp">
      <Filter>Header Files\Engine</Filter>
    </ClCompile>
    <ClCompile Include="TextureClass.cpp">
      <Filter>Header Files\Engine</Filter>
    </ClCompile>
    <ClCompile Include="LightClass.cpp">
      <Filter>Header Files\Engine\Shaders</Filter>
    </ClCompile>
    <ClCompile Include="InstancedTexturedRect.cpp">
      <Filter>Header Files\Engine\Graphics\2D\PerInstance</Filter>
    </ClCompile>
    <ClCompile Include="ParticleSystem.cpp">
      <Filter>Header Files\Engine\Graphics\2D\PerInstance</Filter>
    </ClCompile>
    <ClCompile Include="TexturedButton.cpp">
      <Filter>Header Files\Engine\Graphics\2D\PerVertex</Filter>
    </ClCompile>
    <ClCompile Include="TexturedRect.cpp">
      <Filter>Header Files\Engine\Graphics\2D\PerVertex</Filter>
    </ClCompile>
    <ClCompile Include="TexturedSpritesheet.cpp">
      <Filter>Header Files\Engine\Graphics\2D\PerVertex</Filter>
    </ClCompile>
    <ClCompile Include="TexturedText.cpp">
      <Filter>Header Files\Engine\Graphics\2D\PerVertex</Filter>
    </ClCompile>
    <ClCompile Include="RenderedTexture.cpp">
      <Filter>Header Files\Engine\Graphics\2D\RenderToTexture</Filter>
    </ClCompile>
    <ClCompile Include="RenderTexture.cpp">
      <Filter>Header Files\Engine\Graphics\2D\RenderToTexture</Filter>
    </ClCompile>
    <ClCompile Include="EntitySystem.cpp">
      <Filter>Header Files\Engine\Graphics\2D\PerInstance</Filter>
    </ClCompile>
    <ClCompile Include="InstanceSystem.cpp">
      <Filter>Header Files\Engine\Graphics\2D\PerInstance</Filter>
    </ClCompile>
    <ClCompile Include="ModelClass.cpp">
      <Filter>Header Files\Engine\Graphics\3D</Filter>
    </ClCompile>
    <ClCompile Include="BulletSystem.cpp">
      <Filter>Header Files\Engine\Graphics\2D\PerInstance</Filter>
    </ClCompile>
    <ClCompile Include="CameraClass.cpp">
      <Filter>Header Files\Engine\World</Filter>
    </ClCompile>
    <ClCompile Include="GraphicsClass.cpp">
      <Filter>Header Files\Engine\World</Filter>
    </ClCompile>
    <ClCompile Include="SceneClass.cpp">
      <Filter>Header Files\Engine\World</Filter>
    </ClCompile>
    <ClCompile Include="Main.cpp">
      <Filter>Header Files\Engine\World</Filter>
    </ClCompile>
  </ItemGroup>
  <ItemGroup>
    <ClInclude Include="resource.h">
      <Filter>Header Files</Filter>
    </ClInclude>
    <ClInclude Include="Options.h">
      <Filter>Header Files\Engine\System</Filter>
    </ClInclude>
    <ClInclude Include="System.h">
      <Filter>Header Files\Engine\System</Filter>
    </ClInclude>
    <ClInclude Include="Input.h">
      <Filter>Header Files\Engine\System</Filter>
    </ClInclude>
    <ClInclude Include="Timer.h">
      <Filter>Header Files\Engine\System</Filter>
    </ClInclude>
    <ClInclude Include="D3DClass.h">
      <Filter>Header Files\Engine\System</Filter>
    </ClInclude>
    <ClInclude Include="ShaderClass.h">
      <Filter>Header Files\Engine\Shaders</Filter>
    </ClInclude>
    <ClInclude Include="SceneMainMenu.h">
      <Filter>Header Files\Game\Graphics\Scene</Filter>
    </ClInclude>
    <ClInclude Include="SceneGame.h">
      <Filter>Header Files\Game\Graphics\Scene</Filter>
    </ClInclude>
    <ClInclude Include="LightShaderClass.h">
      <Filter>Header Files\Engine\Shaders</Filter>
    </ClInclude>
    <ClInclude Include="RefractionShaderClass.h">
      <Filter>Header Files\Engine\Shaders</Filter>
    </ClInclude>
    <ClInclude Include="TextureShaderClass.h">
      <Filter>Header Files\Engine\Shaders</Filter>
    </ClInclude>
    <ClInclude Include="TransparencyShaderClass.h">
      <Filter>Header Files\Engine\Shaders</Filter>
    </ClInclude>
    <ClInclude Include="WaterShaderClass.h">
      <Filter>Header Files\Engine\Shaders</Filter>
    </ClInclude>
    <ClInclude Include="SceneSplash.h">
      <Filter>Header Files\Game\Graphics\Scene</Filter>
    </ClInclude>
    <ClInclude Include="Player.h">
      <Filter>Header Files\Game\Entities\2D</Filter>
    </ClInclude>
    <ClInclude Include="ITextureShaderClass.h">
      <Filter>Header Files\Engine\Shaders</Filter>
    </ClInclude>
    <ClInclude Include="PlayerBS.h">
      <Filter>Header Files\Game\Entities\2D\BulletSystem</Filter>
    </ClInclude>
    <ClInclude Include="EnemyBS.h">
      <Filter>Header Files\Game\Entities\2D\BulletSystem</Filter>
    </ClInclude>
    <ClInclude Include="Boss.h">
      <Filter>Header Files\Game\Entities\2D</Filter>
    </ClInclude>
    <ClInclude Include="TitlePS.h">
      <Filter>Header Files\Game\Graphics\2D\ParticleSystems</Filter>
    </ClInclude>
    <ClInclude Include="Enemy.h">
      <Filter>Header Files\Game\Entities\2D</Filter>
    </ClInclude>
    <ClInclude Include="ColorTextureShader.h">
      <Filter>Header Files\Engine\Shaders</Filter>
    </ClInclude>
    <ClInclude Include="ColorShader.h">
      <Filter>Header Files\Engine\Shaders</Filter>
    </ClInclude>
    <ClInclude Include="PlayerPS.h">
      <Filter>Header Files\Game\Graphics\2D\ParticleSystems</Filter>
    </ClInclude>
    <ClInclude Include="Engine.h">
      <Filter>Header Files\Engine</Filter>
    </ClInclude>
    <ClInclude Include="ImageClass.h">
      <Filter>Header Files\Engine</Filter>
    </ClInclude>
    <ClInclude Include="TextureClass.h">
      <Filter>Header Files\Engine</Filter>
    </ClInclude>
    <ClInclude Include="LightClass.h">
      <Filter>Header Files\Engine\Shaders</Filter>
    </ClInclude>
    <ClInclude Include="InstancedTexturedRect.h">
      <Filter>Header Files\Engine\Graphics\2D\PerInstance</Filter>
    </ClInclude>
    <ClInclude Include="ParticleSystem.h">
      <Filter>Header Files\Engine\Graphics\2D\PerInstance</Filter>
    </ClInclude>
    <ClInclude Include="TexturedText.h">
      <Filter>Header Files\Engine\Graphics\2D\PerVertex</Filter>
    </ClInclude>
    <ClInclude Include="TexturedButton.h">
      <Filter>Header Files\Engine\Graphics\2D\PerVertex</Filter>
    </ClInclude>
    <ClInclude Include="TexturedRect.h">
      <Filter>Header Files\Engine\Graphics\2D\PerVertex</Filter>
    </ClInclude>
    <ClInclude Include="TexturedSpritesheet.h">
      <Filter>Header Files\Engine\Graphics\2D\PerVertex</Filter>
    </ClInclude>
    <ClInclude Include="RenderTexture.h">
      <Filter>Header Files\Engine\Graphics\2D\RenderToTexture</Filter>
    </ClInclude>
    <ClInclude Include="RenderedTexture.h">
      <Filter>Header Files\Engine\Graphics\2D\RenderToTexture</Filter>
    </ClInclude>
    <ClInclude Include="EntitySystem.h">
      <Filter>Header Files\Engine\Graphics\2D\PerInstance</Filter>
    </ClInclude>
    <ClInclude Include="InstanceSystem.h">
      <Filter>Header Files\Engine\Graphics\2D\PerInstance</Filter>
    </ClInclude>
    <ClInclude Include="BulletSystem.h">
      <Filter>Header Files\Engine\Graphics\2D\PerInstance</Filter>
    </ClInclude>
    <ClInclude Include="stdafx.h">
      <Filter>Header Files\Engine</Filter>
    </ClInclude>
    <ClInclude Include="ModelClass.h">
      <Filter>Header Files\Engine\Graphics\3D</Filter>
    </ClInclude>
    <ClInclude Include="SceneClass.h">
      <Filter>Header Files\Engine\World</Filter>
    </ClInclude>
    <ClInclude Include="CameraClass.h">
      <Filter>Header Files\Engine\World</Filter>
    </ClInclude>
    <ClInclude Include="GraphicsClass.h">
      <Filter>Header Files\Engine\World</Filter>
    </ClInclude>
  </ItemGroup>
  <ItemGroup>
    <ResourceCompile Include="Bullet Hell.rc">
      <Filter>Resource Files</Filter>
    </ResourceCompile>
    <ResourceCompile Include="Project2.rc">
      <Filter>Resource Files</Filter>
    </ResourceCompile>
  </ItemGroup>
  <ItemGroup>
    <None Include="Data\Images\GUI\Cursor\Default.cur">
      <Filter>Resource Files</Filter>
    </None>
    <None Include="Data\Images\GUI\Sniper.cur">
      <Filter>Resource Files</Filter>
    </None>
    <None Include=".clang-format" />
  </ItemGroup>
  <ItemGroup>
    <FxCompile Include="Data\Shaders\ColorPixelShader.hlsl">
      <Filter>Header Files\Engine\Shaders\HLSL</Filter>
    </FxCompile>
    <FxCompile Include="Data\Shaders\ColorVertexShader.hlsl">
      <Filter>Header Files\Engine\Shaders\HLSL</Filter>
    </FxCompile>
    <FxCompile Include="Data\Shaders\LightPixelShader.hlsl">
      <Filter>Header Files\Engine\Shaders\HLSL</Filter>
    </FxCompile>
    <FxCompile Include="Data\Shaders\LightVertexShader.hlsl">
      <Filter>Header Files\Engine\Shaders\HLSL</Filter>
    </FxCompile>
    <FxCompile Include="Data\Shaders\RefractionPixelShader.hlsl">
      <Filter>Header Files\Engine\Shaders\HLSL</Filter>
    </FxCompile>
    <FxCompile Include="Data\Shaders\RefractionVertexShader.hlsl">
      <Filter>Header Files\Engine\Shaders\HLSL</Filter>
    </FxCompile>
    <FxCompile Include="Data\Shaders\TexturePixelShader.hlsl">
      <Filter>Header Files\Engine\Shaders\HLSL</Filter>
    </FxCompile>
    <FxCompile Include="Data\Shaders\TextureVertexShader.hlsl">
      <Filter>Header Files\Engine\Shaders\HLSL</Filter>
    </FxCompile>
    <FxCompile Include="Data\Shaders\TransparencyPixelShader.hlsl">
      <Filter>Header Files\Engine\Shaders\HLSL</Filter>
    </FxCompile>
    <FxCompile Include="Data\Shaders\TransparencyVertexShader.hlsl">
      <Filter>Header Files\Engine\Shaders\HLSL</Filter>
    </FxCompile>
    <FxCompile Include="Data\Shaders\WaterPixelShader.hlsl">
      <Filter>Header Files\Engine\Shaders\HLSL</Filter>
    </FxCompile>
    <FxCompile Include="Data\Shaders\WaterVertexShader.hlsl">
      <Filter>Header Files\Engine\Shaders\HLSL</Filter>
    </FxCompile>
    <FxCompile Include="Data\Shaders\ITexturePixelShader.hlsl">
      <Filter>Header Files\Engine\Shaders\HLSL</Filter>
    </FxCompile>
    <FxCompile Include="Data\Shaders\ITextureVertexShader.hlsl">
      <Filter>Header Files\Engine\Shaders\HLSL</Filter>
    </FxCompile>
    <FxCompile Include="Data\Shaders\ColorTexturePixelShader.hlsl">
      <Filter>Header Files\Engine\Shaders\HLSL</Filter>
    </FxCompile>
    <FxCompile Include="Data\Shaders\ColorTextureVertexShader.hlsl">
      <Filter>Header Files\Engine\Shaders\HLSL</Filter>
    </FxCompile>
  </ItemGroup>
  <ItemGroup>
    <Image Include="data\assets\images\gui\icon1.ico">
      <Filter>Resource Files</Filter>
    </Image>
    <Image Include="Data\Images\GUI\icon1.ico">
      <Filter>Resource Files</Filter>
    </Image>
    <Image Include="Image.tga">
      <Filter>Resource Files</Filter>
    </Image>
  </ItemGroup>
</Project>